// !$*UTF8*$!
{
	archiveVersion = 1;
	classes = {
	};
	objectVersion = 46;
	objects = {
/* Begin PBXBuildFile section */
		0207DA581B56EA530066E2B4 /* Images.xcassets in Resources */ = {isa = PBXBuildFile; fileRef = 0207DA571B56EA530066E2B4 /* Images.xcassets */; };
		1D3623260D0F684500981E51 /* AppDelegate.m in Sources */ = {isa = PBXBuildFile; fileRef = 1D3623250D0F684500981E51 /* AppDelegate.m */; };
		1D60589B0D05DD56006BFB54 /* main.m in Sources */ = {isa = PBXBuildFile; fileRef = 29B97316FDCFA39411CA2CEA /* main.m */; };
		301BF552109A68D80062928A /* libCordova.a in Frameworks */ = {isa = PBXBuildFile; fileRef = 301BF535109A57CC0062928A /* libCordova.a */; };
		302D95F114D2391D003F00A1 /* MainViewController.m in Sources */ = {isa = PBXBuildFile; fileRef = 302D95EF14D2391D003F00A1 /* MainViewController.m */; };
		302D95F214D2391D003F00A1 /* MainViewController.xib in Resources */ = {isa = PBXBuildFile; fileRef = 302D95F014D2391D003F00A1 /* MainViewController.xib */; };
		3047A5121AB8059700498E2A /* build-debug.xcconfig in Resources */ = {isa = PBXBuildFile; fileRef = 3047A50F1AB8059700498E2A /* build-debug.xcconfig */; };
		3047A5131AB8059700498E2A /* build-release.xcconfig in Resources */ = {isa = PBXBuildFile; fileRef = 3047A5101AB8059700498E2A /* build-release.xcconfig */; };
		3047A5141AB8059700498E2A /* build.xcconfig in Resources */ = {isa = PBXBuildFile; fileRef = 3047A5111AB8059700498E2A /* build.xcconfig */; };
		6AFF5BF91D6E424B00AB3073 /* CDVLaunchScreen.storyboard in Resources */ = {isa = PBXBuildFile; fileRef = 6AFF5BF81D6E424B00AB3073 /* CDVLaunchScreen.storyboard */; };
		FC1B9819AE764454B658A81B /* CDVDevice.m in Sources */ = {isa = PBXBuildFile; fileRef = 3CCDDAA4FCB446AB89FE063D /* CDVDevice.m */; };
		DE1D608037FC43F398EF5A3D /* libz.tbd in Frameworks */ = {isa = PBXBuildFile; fileRef = AAD235CE7B3F4AC6A146419D /* libz.tbd */; };
		460A9C01A803484A8933F8B6 /* GooglePlus.m in Sources */ = {isa = PBXBuildFile; fileRef = 21DCF888F4274B1CB81EB83C /* GooglePlus.m */; };
		1431F50E0A2F45FC88542C6D /* GoogleAppUtilities.framework in Frameworks */ = {isa = PBXBuildFile; fileRef = 9B63E24634AB458A9818F0FD /* GoogleAppUtilities.framework */; };
		D02A5A57AADA4B3DA387015D /* GoogleAuthUtilities.framework in Frameworks */ = {isa = PBXBuildFile; fileRef = 6CA8018249004C4C8923364C /* GoogleAuthUtilities.framework */; };
		CCDD3C4DE0E047E1A5BB93EC /* GoogleNetworkingUtilities.framework in Frameworks */ = {isa = PBXBuildFile; fileRef = 92362E66B53A48E5A802D199 /* GoogleNetworkingUtilities.framework */; };
		4EA6CE8DE78D4305B59D26A0 /* GoogleSignIn.framework in Frameworks */ = {isa = PBXBuildFile; fileRef = D04935D64E3646B49752B20C /* GoogleSignIn.framework */; };
		11AA972781BA4FD38046FD2F /* GoogleSymbolUtilities.framework in Frameworks */ = {isa = PBXBuildFile; fileRef = 3A9FA873BFDD4267B714C2F6 /* GoogleSymbolUtilities.framework */; };
		E70EB6160633469A8FFCF195 /* GoogleUtilities.framework in Frameworks */ = {isa = PBXBuildFile; fileRef = 81E843E95A48405CBF97B3B0 /* GoogleUtilities.framework */; };
		C97A9F6DE7AB497D826028AA /* AddressBook.framework in Frameworks */ = {isa = PBXBuildFile; fileRef = 94C6A7B382104BF392B85053 /* AddressBook.framework */; settings = {ATTRIBUTES = (Weak, ); }; };
		422300BCFE7843DAA2A287CC /* CoreText.framework in Frameworks */ = {isa = PBXBuildFile; fileRef = 92F7C565998148DABC8D5714 /* CoreText.framework */; settings = {ATTRIBUTES = (Weak, ); }; };
		B3A909C86D8D4141AFA0B977 /* SafariServices.framework in Frameworks */ = {isa = PBXBuildFile; fileRef = 5C6EA17B85994E568510DE7A /* SafariServices.framework */; settings = {ATTRIBUTES = (Weak, ); }; };
		96274FB1855E4522B3763ED5 /* Security.framework in Frameworks */ = {isa = PBXBuildFile; fileRef = D2FC2E521BAE49348CF76BA5 /* Security.framework */; settings = {ATTRIBUTES = (Weak, ); }; };
		AAA98404933840D88E2E320C /* SystemConfiguration.framework in Frameworks */ = {isa = PBXBuildFile; fileRef = C1DDF407F3D844C6B8DF744F /* SystemConfiguration.framework */; settings = {ATTRIBUTES = (Weak, ); }; };
		E73CCE08F75F4ABEA13132BB /* libz.dylib in Frameworks */ = {isa = PBXBuildFile; fileRef = E12241410CFB47F1989BA710 /* libz.dylib */; settings = {ATTRIBUTES = (Weak, ); }; };
		44BF25DED8614F9085DF3C72 /* CDVInAppBrowser.m in Sources */ = {isa = PBXBuildFile; fileRef = BB185FE9BCC64F489D2EF9DA /* CDVInAppBrowser.m */; };
		196FC567708C4B5FB1FB4715 /* CDVIonicKeyboard.m in Sources */ = {isa = PBXBuildFile; fileRef = B9A5C28C370B4754BA641C2A /* CDVIonicKeyboard.m */; };
		8C06D559CB0849ABA7DB7299 /* CDVWKWebViewEngine.m in Sources */ = {isa = PBXBuildFile; fileRef = E5884BA772F145C0BF7C7895 /* CDVWKWebViewEngine.m */; };
		43A9CEA432454ED5AA09E56A /* CDVWKWebViewUIDelegate.m in Sources */ = {isa = PBXBuildFile; fileRef = A5D06CC8B31543E78A9BE199 /* CDVWKWebViewUIDelegate.m */; };
		98248F93CCF5480FB24983F8 /* CDVWKProcessPoolFactory.m in Sources */ = {isa = PBXBuildFile; fileRef = 671A75D3E57E489EA552CC70 /* CDVWKProcessPoolFactory.m */; };
		B34664223C57464B94E621B9 /* GCDWebServer.m in Sources */ = {isa = PBXBuildFile; fileRef = 799706F46C7A4AD5A58B0F17 /* GCDWebServer.m */; };
		F249A0ED7AA2451AAC22B2AE /* GCDWebServerConnection.m in Sources */ = {isa = PBXBuildFile; fileRef = 61419E7CFE9B43E4B5DDA89C /* GCDWebServerConnection.m */; };
		4F11487DEDBA46DDBF3EFDE3 /* GCDWebServerFunctions.m in Sources */ = {isa = PBXBuildFile; fileRef = E8CED7300E6E43D58D0AC967 /* GCDWebServerFunctions.m */; };
		379587FD2EE04ECA87240EB7 /* GCDWebServerRequest.m in Sources */ = {isa = PBXBuildFile; fileRef = E63363EC96A4478687A6356B /* GCDWebServerRequest.m */; };
		104195A7494A4E4F99985FDF /* GCDWebServerResponse.m in Sources */ = {isa = PBXBuildFile; fileRef = CC5EDE8632DC4A6AA9DB17DB /* GCDWebServerResponse.m */; };
		5AA4DC9495084257A0B8976B /* GCDWebServerDataRequest.m in Sources */ = {isa = PBXBuildFile; fileRef = 5FD185502C2E476682CAFD73 /* GCDWebServerDataRequest.m */; };
		939B445754EC4E409E745636 /* GCDWebServerFileRequest.m in Sources */ = {isa = PBXBuildFile; fileRef = 5FF76A3D495B48A6B45538EB /* GCDWebServerFileRequest.m */; };
		C0CE900A739F4F2A9D37645C /* GCDWebServerMultiPartFormRequest.m in Sources */ = {isa = PBXBuildFile; fileRef = 19B7D283A347489182CD9C50 /* GCDWebServerMultiPartFormRequest.m */; };
		9303B4216EB34E858576E11F /* GCDWebServerURLEncodedFormRequest.m in Sources */ = {isa = PBXBuildFile; fileRef = 08244E20D38448A597F72225 /* GCDWebServerURLEncodedFormRequest.m */; };
		D07E27093A1545B0867C454F /* GCDWebServerDataResponse.m in Sources */ = {isa = PBXBuildFile; fileRef = A6529588687244AA82EE69DA /* GCDWebServerDataResponse.m */; };
		47F3EA00A6D847409A2E5963 /* GCDWebServerErrorResponse.m in Sources */ = {isa = PBXBuildFile; fileRef = 7653DBC3DD7144828BB041D2 /* GCDWebServerErrorResponse.m */; };
		FA243CE1ECCC460C84B314E2 /* GCDWebServerFileResponse.m in Sources */ = {isa = PBXBuildFile; fileRef = FD7FB693AEEA41739CC973DF /* GCDWebServerFileResponse.m */; };
		A3F35075F6974FDEB7ED08AA /* GCDWebServerStreamedResponse.m in Sources */ = {isa = PBXBuildFile; fileRef = 33329BE1669B4F48ACA6268E /* GCDWebServerStreamedResponse.m */; };
		8AA93795BC7143DBBA3F2392 /* WebKit.framework in Frameworks */ = {isa = PBXBuildFile; fileRef = 179CCB35853647599AF2852D /* WebKit.framework */; settings = {ATTRIBUTES = (Weak, ); }; };
		16A133B484094D419FF89C6B /* CDVSplashScreen.m in Sources */ = {isa = PBXBuildFile; fileRef = 08C08782BE894A59AC930079 /* CDVSplashScreen.m */; };
		C1B4B75BE6C54EAB97EB3A14 /* CDVViewController+SplashScreen.m in Sources */ = {isa = PBXBuildFile; fileRef = 5368B413969B46C78035D856 /* CDVViewController+SplashScreen.m */; };
		9DAF0A621A0D4687B31C2EDC /* CDVStatusBar.m in Sources */ = {isa = PBXBuildFile; fileRef = 5926C708EC8F47F49C6B3C01 /* CDVStatusBar.m */; };
		9B4BA4DAE2CB409886105F94 /* APPBadge.m in Sources */ = {isa = PBXBuildFile; fileRef = B7377BEA75C041F185AB84A3 /* APPBadge.m */; };
		6D54FF89C5E440969A96C3B5 /* APPLocalNotification.m in Sources */ = {isa = PBXBuildFile; fileRef = 18D94A815367424FB7164037 /* APPLocalNotification.m */; };
		5422A04FA358496DA50FAAA8 /* APPNotificationContent.m in Sources */ = {isa = PBXBuildFile; fileRef = 1CBB7DA5417E4BBEB62C082C /* APPNotificationContent.m */; };
		92541047AA494ED48484AB22 /* APPNotificationOptions.m in Sources */ = {isa = PBXBuildFile; fileRef = 1701B7B5E2A74915B21DFF34 /* APPNotificationOptions.m */; };
		5C2E5A36AF864468923C7D22 /* UNUserNotificationCenter+APPLocalNotification.m in Sources */ = {isa = PBXBuildFile; fileRef = 6907C8595CE743A1AA994CE7 /* UNUserNotificationCenter+APPLocalNotification.m */; };
		4862B34440934C629A791538 /* UNNotificationRequest+APPLocalNotification.m in Sources */ = {isa = PBXBuildFile; fileRef = 48EDEC3612B644958B76AA9C /* UNNotificationRequest+APPLocalNotification.m */; };
		BA18EBC690674BC3842D4D88 /* UserNotifications.framework in Frameworks */ = {isa = PBXBuildFile; fileRef = AFFE5BF8773848069505214F /* UserNotifications.framework */; };
		165F17C39EA740C1B672E65A /* CoreLocation.framework in Frameworks */ = {isa = PBXBuildFile; fileRef = 943BDEDE514B45FE9815A8DE /* CoreLocation.framework */; };
		80895DDB32AC47E48EF9F1F5 /* OneSignalPush.m in Sources */ = {isa = PBXBuildFile; fileRef = 96CEDAC4154140D78674CE62 /* OneSignalPush.m */; };
/* End PBXBuildFile section */

/* Begin PBXContainerItemProxy section */
		301BF534109A57CC0062928A /* PBXContainerItemProxy */ = {
			isa = PBXContainerItemProxy;
			containerPortal = 301BF52D109A57CC0062928A /* CordovaLib.xcodeproj */;
			proxyType = 2;
			remoteGlobalIDString = D2AAC07E0554694100DB518D;
			remoteInfo = CordovaLib;
		};
		301BF550109A68C00062928A /* PBXContainerItemProxy */ = {
			isa = PBXContainerItemProxy;
			containerPortal = 301BF52D109A57CC0062928A /* CordovaLib.xcodeproj */;
			proxyType = 1;
			remoteGlobalIDString = D2AAC07D0554694100DB518D;
			remoteInfo = CordovaLib;
		};
/* End PBXContainerItemProxy section */

/* Begin PBXFileReference section */
		0207DA571B56EA530066E2B4 /* Images.xcassets */ = {isa = PBXFileReference; lastKnownFileType = folder.assetcatalog; name = Images.xcassets; path = "Recuerdame/Images.xcassets"; sourceTree = SOURCE_ROOT; };
		1D3623240D0F684500981E51 /* AppDelegate.h */ = {isa = PBXFileReference; fileEncoding = 4; lastKnownFileType = sourcecode.c.h; path = AppDelegate.h; sourceTree = "<group>"; };
		1D3623250D0F684500981E51 /* AppDelegate.m */ = {isa = PBXFileReference; fileEncoding = 4; lastKnownFileType = sourcecode.c.objc; path = AppDelegate.m; sourceTree = "<group>"; };
		1D6058910D05DD3D006BFB54 /* Recuerdame.app */ = {isa = PBXFileReference; explicitFileType = wrapper.application; includeInIndex = 0; path = "Recuerdame.app"; sourceTree = BUILT_PRODUCTS_DIR; };
		29B97316FDCFA39411CA2CEA /* main.m */ = {isa = PBXFileReference; fileEncoding = 4; lastKnownFileType = sourcecode.c.objc; path = main.m; sourceTree = "<group>"; };
		301BF52D109A57CC0062928A /* CordovaLib.xcodeproj */ = {isa = PBXFileReference; lastKnownFileType = "wrapper.pb-project"; name = CordovaLib.xcodeproj; path = CordovaLib/CordovaLib.xcodeproj; sourceTree = "<group>"; };
		301BF56E109A69640062928A /* www */ = {isa = PBXFileReference; lastKnownFileType = folder; path = www; sourceTree = SOURCE_ROOT; };
		302D95EE14D2391D003F00A1 /* MainViewController.h */ = {isa = PBXFileReference; fileEncoding = 4; lastKnownFileType = sourcecode.c.h; path = MainViewController.h; sourceTree = "<group>"; };
		302D95EF14D2391D003F00A1 /* MainViewController.m */ = {isa = PBXFileReference; fileEncoding = 4; lastKnownFileType = sourcecode.c.objc; path = MainViewController.m; sourceTree = "<group>"; };
		302D95F014D2391D003F00A1 /* MainViewController.xib */ = {isa = PBXFileReference; fileEncoding = 4; lastKnownFileType = file.xib; path = MainViewController.xib; sourceTree = "<group>"; };
		3047A50F1AB8059700498E2A /* build-debug.xcconfig */ = {isa = PBXFileReference; fileEncoding = 4; lastKnownFileType = text.xcconfig; name = "build-debug.xcconfig"; path = cordova/build-debug.xcconfig; sourceTree = SOURCE_ROOT; };
		3047A5101AB8059700498E2A /* build-release.xcconfig */ = {isa = PBXFileReference; fileEncoding = 4; lastKnownFileType = text.xcconfig; name = "build-release.xcconfig"; path = cordova/build-release.xcconfig; sourceTree = SOURCE_ROOT; };
		3047A5111AB8059700498E2A /* build.xcconfig */ = {isa = PBXFileReference; fileEncoding = 4; lastKnownFileType = text.xcconfig; name = build.xcconfig; path = cordova/build.xcconfig; sourceTree = SOURCE_ROOT; };
		32CA4F630368D1EE00C91783 /* Recuerdame-Prefix.pch */ = {isa = PBXFileReference; fileEncoding = 4; lastKnownFileType = sourcecode.c.h; path = "Recuerdame-Prefix.pch"; sourceTree = "<group>"; };
		6AFF5BF81D6E424B00AB3073 /* CDVLaunchScreen.storyboard */ = {isa = PBXFileReference; fileEncoding = 4; lastKnownFileType = file.storyboard; name = CDVLaunchScreen.storyboard; path = "Recuerdame/CDVLaunchScreen.storyboard"; sourceTree = SOURCE_ROOT; };
		8D1107310486CEB800E47090 /* Recuerdame-Info.plist */ = {isa = PBXFileReference; fileEncoding = 4; lastKnownFileType = text.plist.xml; name = "Recuerdame-Info.plist"; path = "Recuerdame/Recuerdame-Info.plist"; plistStructureDefinitionIdentifier = "com.apple.xcode.plist.structure-definition.iphone.info-plist"; sourceTree = SOURCE_ROOT; };
		EB87FDF31871DA8E0020F90C /* www */ = {isa = PBXFileReference; lastKnownFileType = folder; name = www; path = ../../www; sourceTree = "<group>"; };
		EB87FDF41871DAF40020F90C /* config.xml */ = {isa = PBXFileReference; lastKnownFileType = text.xml; name = config.xml; path = ../../config.xml; sourceTree = "<group>"; };
		F840E1F0165FE0F500CFE078 /* config.xml */ = {isa = PBXFileReference; lastKnownFileType = text.xml; name = config.xml; path = "Recuerdame/config.xml"; sourceTree = "<group>"; };
		ED33DF2A687741AEAF9F8254 /* Bridging-Header.h */ = {isa = PBXFileReference; fileEncoding = 4; lastKnownFileType = sourcecode.c.h; name = "Bridging-Header.h"; path = "Bridging-Header.h"; sourceTree = "<group>"; };
		3CCDDAA4FCB446AB89FE063D /* CDVDevice.m */ = {isa = PBXFileReference; name = "CDVDevice.m"; path = "cordova-plugin-device/CDVDevice.m"; sourceTree = "<group>"; fileEncoding = 4; lastKnownFileType = sourcecode.c.objc; explicitFileType = undefined; includeInIndex = 0; };
		BEEFEC9ECB6742F78BC0FCC2 /* CDVDevice.h */ = {isa = PBXFileReference; name = "CDVDevice.h"; path = "cordova-plugin-device/CDVDevice.h"; sourceTree = "<group>"; fileEncoding = 4; lastKnownFileType = sourcecode.c.h; explicitFileType = undefined; includeInIndex = 0; };
		AAD235CE7B3F4AC6A146419D /* libz.tbd */ = {isa = PBXFileReference; name = "libz.tbd"; path = "usr/lib/libz.tbd"; sourceTree = SDKROOT; fileEncoding = undefined; lastKnownFileType = sourcecode.text-based-dylib-definition; explicitFileType = undefined; includeInIndex = 0; };
		21DCF888F4274B1CB81EB83C /* GooglePlus.m */ = {isa = PBXFileReference; name = "GooglePlus.m"; path = "cordova-plugin-googleplus/GooglePlus.m"; sourceTree = "<group>"; fileEncoding = 4; lastKnownFileType = sourcecode.c.objc; explicitFileType = undefined; includeInIndex = 0; };
		2C44EBA3A657417889B470F3 /* GooglePlus.h */ = {isa = PBXFileReference; name = "GooglePlus.h"; path = "cordova-plugin-googleplus/GooglePlus.h"; sourceTree = "<group>"; fileEncoding = 4; lastKnownFileType = sourcecode.c.h; explicitFileType = undefined; includeInIndex = 0; };
		9B63E24634AB458A9818F0FD /* GoogleAppUtilities.framework */ = {isa = PBXFileReference; name = "GoogleAppUtilities.framework"; path = "Recuerdame/Plugins/cordova-plugin-googleplus/GoogleAppUtilities.framework"; sourceTree = "<group>"; fileEncoding = undefined; lastKnownFileType = wrapper.framework; explicitFileType = undefined; includeInIndex = 0; };
		6CA8018249004C4C8923364C /* GoogleAuthUtilities.framework */ = {isa = PBXFileReference; name = "GoogleAuthUtilities.framework"; path = "Recuerdame/Plugins/cordova-plugin-googleplus/GoogleAuthUtilities.framework"; sourceTree = "<group>"; fileEncoding = undefined; lastKnownFileType = wrapper.framework; explicitFileType = undefined; includeInIndex = 0; };
		92362E66B53A48E5A802D199 /* GoogleNetworkingUtilities.framework */ = {isa = PBXFileReference; name = "GoogleNetworkingUtilities.framework"; path = "Recuerdame/Plugins/cordova-plugin-googleplus/GoogleNetworkingUtilities.framework"; sourceTree = "<group>"; fileEncoding = undefined; lastKnownFileType = wrapper.framework; explicitFileType = undefined; includeInIndex = 0; };
		D04935D64E3646B49752B20C /* GoogleSignIn.framework */ = {isa = PBXFileReference; name = "GoogleSignIn.framework"; path = "Recuerdame/Plugins/cordova-plugin-googleplus/GoogleSignIn.framework"; sourceTree = "<group>"; fileEncoding = undefined; lastKnownFileType = wrapper.framework; explicitFileType = undefined; includeInIndex = 0; };
		3A9FA873BFDD4267B714C2F6 /* GoogleSymbolUtilities.framework */ = {isa = PBXFileReference; name = "GoogleSymbolUtilities.framework"; path = "Recuerdame/Plugins/cordova-plugin-googleplus/GoogleSymbolUtilities.framework"; sourceTree = "<group>"; fileEncoding = undefined; lastKnownFileType = wrapper.framework; explicitFileType = undefined; includeInIndex = 0; };
		81E843E95A48405CBF97B3B0 /* GoogleUtilities.framework */ = {isa = PBXFileReference; name = "GoogleUtilities.framework"; path = "Recuerdame/Plugins/cordova-plugin-googleplus/GoogleUtilities.framework"; sourceTree = "<group>"; fileEncoding = undefined; lastKnownFileType = wrapper.framework; explicitFileType = undefined; includeInIndex = 0; };
		94C6A7B382104BF392B85053 /* AddressBook.framework */ = {isa = PBXFileReference; name = "AddressBook.framework"; path = "System/Library/Frameworks/AddressBook.framework"; sourceTree = SDKROOT; fileEncoding = undefined; lastKnownFileType = wrapper.framework; explicitFileType = undefined; includeInIndex = 0; };
		92F7C565998148DABC8D5714 /* CoreText.framework */ = {isa = PBXFileReference; name = "CoreText.framework"; path = "System/Library/Frameworks/CoreText.framework"; sourceTree = SDKROOT; fileEncoding = undefined; lastKnownFileType = wrapper.framework; explicitFileType = undefined; includeInIndex = 0; };
		5C6EA17B85994E568510DE7A /* SafariServices.framework */ = {isa = PBXFileReference; name = "SafariServices.framework"; path = "System/Library/Frameworks/SafariServices.framework"; sourceTree = SDKROOT; fileEncoding = undefined; lastKnownFileType = wrapper.framework; explicitFileType = undefined; includeInIndex = 0; };
		D2FC2E521BAE49348CF76BA5 /* Security.framework */ = {isa = PBXFileReference; name = "Security.framework"; path = "System/Library/Frameworks/Security.framework"; sourceTree = SDKROOT; fileEncoding = undefined; lastKnownFileType = wrapper.framework; explicitFileType = undefined; includeInIndex = 0; };
		C1DDF407F3D844C6B8DF744F /* SystemConfiguration.framework */ = {isa = PBXFileReference; name = "SystemConfiguration.framework"; path = "System/Library/Frameworks/SystemConfiguration.framework"; sourceTree = SDKROOT; fileEncoding = undefined; lastKnownFileType = wrapper.framework; explicitFileType = undefined; includeInIndex = 0; };
		E12241410CFB47F1989BA710 /* libz.dylib */ = {isa = PBXFileReference; name = "libz.dylib"; path = "usr/lib/libz.dylib"; sourceTree = SDKROOT; fileEncoding = undefined; lastKnownFileType = compiled.mach-o.dylib; explicitFileType = undefined; includeInIndex = 0; };
		BB185FE9BCC64F489D2EF9DA /* CDVInAppBrowser.m */ = {isa = PBXFileReference; name = "CDVInAppBrowser.m"; path = "cordova-plugin-inappbrowser/CDVInAppBrowser.m"; sourceTree = "<group>"; fileEncoding = 4; lastKnownFileType = sourcecode.c.objc; explicitFileType = undefined; includeInIndex = 0; };
		5E003FC86D5A4AE5B3EB4CF5 /* CDVInAppBrowser.h */ = {isa = PBXFileReference; name = "CDVInAppBrowser.h"; path = "cordova-plugin-inappbrowser/CDVInAppBrowser.h"; sourceTree = "<group>"; fileEncoding = 4; lastKnownFileType = sourcecode.c.h; explicitFileType = undefined; includeInIndex = 0; };
		B9A5C28C370B4754BA641C2A /* CDVIonicKeyboard.m */ = {isa = PBXFileReference; name = "CDVIonicKeyboard.m"; path = "cordova-plugin-ionic-keyboard/CDVIonicKeyboard.m"; sourceTree = "<group>"; fileEncoding = 4; lastKnownFileType = sourcecode.c.objc; explicitFileType = undefined; includeInIndex = 0; };
		735B853CD12644B0995FF038 /* CDVIonicKeyboard.h */ = {isa = PBXFileReference; name = "CDVIonicKeyboard.h"; path = "cordova-plugin-ionic-keyboard/CDVIonicKeyboard.h"; sourceTree = "<group>"; fileEncoding = 4; lastKnownFileType = sourcecode.c.h; explicitFileType = undefined; includeInIndex = 0; };
		E5884BA772F145C0BF7C7895 /* CDVWKWebViewEngine.m */ = {isa = PBXFileReference; name = "CDVWKWebViewEngine.m"; path = "cordova-plugin-ionic-webview/CDVWKWebViewEngine.m"; sourceTree = "<group>"; fileEncoding = 4; lastKnownFileType = sourcecode.c.objc; explicitFileType = undefined; includeInIndex = 0; };
		A5D06CC8B31543E78A9BE199 /* CDVWKWebViewUIDelegate.m */ = {isa = PBXFileReference; name = "CDVWKWebViewUIDelegate.m"; path = "cordova-plugin-ionic-webview/CDVWKWebViewUIDelegate.m"; sourceTree = "<group>"; fileEncoding = 4; lastKnownFileType = sourcecode.c.objc; explicitFileType = undefined; includeInIndex = 0; };
		671A75D3E57E489EA552CC70 /* CDVWKProcessPoolFactory.m */ = {isa = PBXFileReference; name = "CDVWKProcessPoolFactory.m"; path = "cordova-plugin-ionic-webview/CDVWKProcessPoolFactory.m"; sourceTree = "<group>"; fileEncoding = 4; lastKnownFileType = sourcecode.c.objc; explicitFileType = undefined; includeInIndex = 0; };
		799706F46C7A4AD5A58B0F17 /* GCDWebServer.m */ = {isa = PBXFileReference; name = "GCDWebServer.m"; path = "cordova-plugin-ionic-webview/GCDWebServer.m"; sourceTree = "<group>"; fileEncoding = 4; lastKnownFileType = sourcecode.c.objc; explicitFileType = undefined; includeInIndex = 0; };
		61419E7CFE9B43E4B5DDA89C /* GCDWebServerConnection.m */ = {isa = PBXFileReference; name = "GCDWebServerConnection.m"; path = "cordova-plugin-ionic-webview/GCDWebServerConnection.m"; sourceTree = "<group>"; fileEncoding = 4; lastKnownFileType = sourcecode.c.objc; explicitFileType = undefined; includeInIndex = 0; };
		E8CED7300E6E43D58D0AC967 /* GCDWebServerFunctions.m */ = {isa = PBXFileReference; name = "GCDWebServerFunctions.m"; path = "cordova-plugin-ionic-webview/GCDWebServerFunctions.m"; sourceTree = "<group>"; fileEncoding = 4; lastKnownFileType = sourcecode.c.objc; explicitFileType = undefined; includeInIndex = 0; };
		E63363EC96A4478687A6356B /* GCDWebServerRequest.m */ = {isa = PBXFileReference; name = "GCDWebServerRequest.m"; path = "cordova-plugin-ionic-webview/GCDWebServerRequest.m"; sourceTree = "<group>"; fileEncoding = 4; lastKnownFileType = sourcecode.c.objc; explicitFileType = undefined; includeInIndex = 0; };
		CC5EDE8632DC4A6AA9DB17DB /* GCDWebServerResponse.m */ = {isa = PBXFileReference; name = "GCDWebServerResponse.m"; path = "cordova-plugin-ionic-webview/GCDWebServerResponse.m"; sourceTree = "<group>"; fileEncoding = 4; lastKnownFileType = sourcecode.c.objc; explicitFileType = undefined; includeInIndex = 0; };
		5FD185502C2E476682CAFD73 /* GCDWebServerDataRequest.m */ = {isa = PBXFileReference; name = "GCDWebServerDataRequest.m"; path = "cordova-plugin-ionic-webview/GCDWebServerDataRequest.m"; sourceTree = "<group>"; fileEncoding = 4; lastKnownFileType = sourcecode.c.objc; explicitFileType = undefined; includeInIndex = 0; };
		5FF76A3D495B48A6B45538EB /* GCDWebServerFileRequest.m */ = {isa = PBXFileReference; name = "GCDWebServerFileRequest.m"; path = "cordova-plugin-ionic-webview/GCDWebServerFileRequest.m"; sourceTree = "<group>"; fileEncoding = 4; lastKnownFileType = sourcecode.c.objc; explicitFileType = undefined; includeInIndex = 0; };
		19B7D283A347489182CD9C50 /* GCDWebServerMultiPartFormRequest.m */ = {isa = PBXFileReference; name = "GCDWebServerMultiPartFormRequest.m"; path = "cordova-plugin-ionic-webview/GCDWebServerMultiPartFormRequest.m"; sourceTree = "<group>"; fileEncoding = 4; lastKnownFileType = sourcecode.c.objc; explicitFileType = undefined; includeInIndex = 0; };
		08244E20D38448A597F72225 /* GCDWebServerURLEncodedFormRequest.m */ = {isa = PBXFileReference; name = "GCDWebServerURLEncodedFormRequest.m"; path = "cordova-plugin-ionic-webview/GCDWebServerURLEncodedFormRequest.m"; sourceTree = "<group>"; fileEncoding = 4; lastKnownFileType = sourcecode.c.objc; explicitFileType = undefined; includeInIndex = 0; };
		A6529588687244AA82EE69DA /* GCDWebServerDataResponse.m */ = {isa = PBXFileReference; name = "GCDWebServerDataResponse.m"; path = "cordova-plugin-ionic-webview/GCDWebServerDataResponse.m"; sourceTree = "<group>"; fileEncoding = 4; lastKnownFileType = sourcecode.c.objc; explicitFileType = undefined; includeInIndex = 0; };
		7653DBC3DD7144828BB041D2 /* GCDWebServerErrorResponse.m */ = {isa = PBXFileReference; name = "GCDWebServerErrorResponse.m"; path = "cordova-plugin-ionic-webview/GCDWebServerErrorResponse.m"; sourceTree = "<group>"; fileEncoding = 4; lastKnownFileType = sourcecode.c.objc; explicitFileType = undefined; includeInIndex = 0; };
		FD7FB693AEEA41739CC973DF /* GCDWebServerFileResponse.m */ = {isa = PBXFileReference; name = "GCDWebServerFileResponse.m"; path = "cordova-plugin-ionic-webview/GCDWebServerFileResponse.m"; sourceTree = "<group>"; fileEncoding = 4; lastKnownFileType = sourcecode.c.objc; explicitFileType = undefined; includeInIndex = 0; };
		33329BE1669B4F48ACA6268E /* GCDWebServerStreamedResponse.m */ = {isa = PBXFileReference; name = "GCDWebServerStreamedResponse.m"; path = "cordova-plugin-ionic-webview/GCDWebServerStreamedResponse.m"; sourceTree = "<group>"; fileEncoding = 4; lastKnownFileType = sourcecode.c.objc; explicitFileType = undefined; includeInIndex = 0; };
		275AD69B02D2424A8B103BB8 /* CDVWKWebViewEngine.h */ = {isa = PBXFileReference; name = "CDVWKWebViewEngine.h"; path = "cordova-plugin-ionic-webview/CDVWKWebViewEngine.h"; sourceTree = "<group>"; fileEncoding = 4; lastKnownFileType = sourcecode.c.h; explicitFileType = undefined; includeInIndex = 0; };
		E5EABBF20C85451EB5EB0139 /* CDVWKWebViewUIDelegate.h */ = {isa = PBXFileReference; name = "CDVWKWebViewUIDelegate.h"; path = "cordova-plugin-ionic-webview/CDVWKWebViewUIDelegate.h"; sourceTree = "<group>"; fileEncoding = 4; lastKnownFileType = sourcecode.c.h; explicitFileType = undefined; includeInIndex = 0; };
		0CC9EAC3096241CF9E9BECB8 /* CDVWKProcessPoolFactory.h */ = {isa = PBXFileReference; name = "CDVWKProcessPoolFactory.h"; path = "cordova-plugin-ionic-webview/CDVWKProcessPoolFactory.h"; sourceTree = "<group>"; fileEncoding = 4; lastKnownFileType = sourcecode.c.h; explicitFileType = undefined; includeInIndex = 0; };
		67375A8A2FE94FEB96232282 /* GCDWebServer.h */ = {isa = PBXFileReference; name = "GCDWebServer.h"; path = "cordova-plugin-ionic-webview/GCDWebServer.h"; sourceTree = "<group>"; fileEncoding = 4; lastKnownFileType = sourcecode.c.h; explicitFileType = undefined; includeInIndex = 0; };
		EE534CBC741749F7B0AEEAC5 /* GCDWebServerConnection.h */ = {isa = PBXFileReference; name = "GCDWebServerConnection.h"; path = "cordova-plugin-ionic-webview/GCDWebServerConnection.h"; sourceTree = "<group>"; fileEncoding = 4; lastKnownFileType = sourcecode.c.h; explicitFileType = undefined; includeInIndex = 0; };
		BF15D17F12924D8B9EE0F60C /* GCDWebServerFunctions.h */ = {isa = PBXFileReference; name = "GCDWebServerFunctions.h"; path = "cordova-plugin-ionic-webview/GCDWebServerFunctions.h"; sourceTree = "<group>"; fileEncoding = 4; lastKnownFileType = sourcecode.c.h; explicitFileType = undefined; includeInIndex = 0; };
		6B49203460AD4ADBAC856B94 /* GCDWebServerHTTPStatusCodes.h */ = {isa = PBXFileReference; name = "GCDWebServerHTTPStatusCodes.h"; path = "cordova-plugin-ionic-webview/GCDWebServerHTTPStatusCodes.h"; sourceTree = "<group>"; fileEncoding = 4; lastKnownFileType = sourcecode.c.h; explicitFileType = undefined; includeInIndex = 0; };
		834DBE469CA442B9A346C5F7 /* GCDWebServerPrivate.h */ = {isa = PBXFileReference; name = "GCDWebServerPrivate.h"; path = "cordova-plugin-ionic-webview/GCDWebServerPrivate.h"; sourceTree = "<group>"; fileEncoding = 4; lastKnownFileType = sourcecode.c.h; explicitFileType = undefined; includeInIndex = 0; };
		83E9562807944D9BAD9A25CD /* GCDWebServerRequest.h */ = {isa = PBXFileReference; name = "GCDWebServerRequest.h"; path = "cordova-plugin-ionic-webview/GCDWebServerRequest.h"; sourceTree = "<group>"; fileEncoding = 4; lastKnownFileType = sourcecode.c.h; explicitFileType = undefined; includeInIndex = 0; };
		432D34A13BB84EC59644D1CA /* GCDWebServerResponse.h */ = {isa = PBXFileReference; name = "GCDWebServerResponse.h"; path = "cordova-plugin-ionic-webview/GCDWebServerResponse.h"; sourceTree = "<group>"; fileEncoding = 4; lastKnownFileType = sourcecode.c.h; explicitFileType = undefined; includeInIndex = 0; };
		C5EE2EF4286A4A518BA990CE /* GCDWebServerDataRequest.h */ = {isa = PBXFileReference; name = "GCDWebServerDataRequest.h"; path = "cordova-plugin-ionic-webview/GCDWebServerDataRequest.h"; sourceTree = "<group>"; fileEncoding = 4; lastKnownFileType = sourcecode.c.h; explicitFileType = undefined; includeInIndex = 0; };
		39ED75B0342742939E016469 /* GCDWebServerFileRequest.h */ = {isa = PBXFileReference; name = "GCDWebServerFileRequest.h"; path = "cordova-plugin-ionic-webview/GCDWebServerFileRequest.h"; sourceTree = "<group>"; fileEncoding = 4; lastKnownFileType = sourcecode.c.h; explicitFileType = undefined; includeInIndex = 0; };
		445CF7024E38479FA5C8761C /* GCDWebServerMultiPartFormRequest.h */ = {isa = PBXFileReference; name = "GCDWebServerMultiPartFormRequest.h"; path = "cordova-plugin-ionic-webview/GCDWebServerMultiPartFormRequest.h"; sourceTree = "<group>"; fileEncoding = 4; lastKnownFileType = sourcecode.c.h; explicitFileType = undefined; includeInIndex = 0; };
		C4D58081A78C419293E3706B /* GCDWebServerURLEncodedFormRequest.h */ = {isa = PBXFileReference; name = "GCDWebServerURLEncodedFormRequest.h"; path = "cordova-plugin-ionic-webview/GCDWebServerURLEncodedFormRequest.h"; sourceTree = "<group>"; fileEncoding = 4; lastKnownFileType = sourcecode.c.h; explicitFileType = undefined; includeInIndex = 0; };
		8F2810C97124460995FA640E /* GCDWebServerDataResponse.h */ = {isa = PBXFileReference; name = "GCDWebServerDataResponse.h"; path = "cordova-plugin-ionic-webview/GCDWebServerDataResponse.h"; sourceTree = "<group>"; fileEncoding = 4; lastKnownFileType = sourcecode.c.h; explicitFileType = undefined; includeInIndex = 0; };
		7EA12222ED52484EACB05ABF /* GCDWebServerErrorResponse.h */ = {isa = PBXFileReference; name = "GCDWebServerErrorResponse.h"; path = "cordova-plugin-ionic-webview/GCDWebServerErrorResponse.h"; sourceTree = "<group>"; fileEncoding = 4; lastKnownFileType = sourcecode.c.h; explicitFileType = undefined; includeInIndex = 0; };
		816D013ECD194D63A9EE701E /* GCDWebServerFileResponse.h */ = {isa = PBXFileReference; name = "GCDWebServerFileResponse.h"; path = "cordova-plugin-ionic-webview/GCDWebServerFileResponse.h"; sourceTree = "<group>"; fileEncoding = 4; lastKnownFileType = sourcecode.c.h; explicitFileType = undefined; includeInIndex = 0; };
		6361739959BD4751AD9702B0 /* GCDWebServerStreamedResponse.h */ = {isa = PBXFileReference; name = "GCDWebServerStreamedResponse.h"; path = "cordova-plugin-ionic-webview/GCDWebServerStreamedResponse.h"; sourceTree = "<group>"; fileEncoding = 4; lastKnownFileType = sourcecode.c.h; explicitFileType = undefined; includeInIndex = 0; };
		179CCB35853647599AF2852D /* WebKit.framework */ = {isa = PBXFileReference; name = "WebKit.framework"; path = "System/Library/Frameworks/WebKit.framework"; sourceTree = SDKROOT; fileEncoding = undefined; lastKnownFileType = wrapper.framework; explicitFileType = undefined; includeInIndex = 0; };
		08C08782BE894A59AC930079 /* CDVSplashScreen.m */ = {isa = PBXFileReference; name = "CDVSplashScreen.m"; path = "cordova-plugin-splashscreen/CDVSplashScreen.m"; sourceTree = "<group>"; fileEncoding = 4; lastKnownFileType = sourcecode.c.objc; explicitFileType = undefined; includeInIndex = 0; };
		5368B413969B46C78035D856 /* CDVViewController+SplashScreen.m */ = {isa = PBXFileReference; name = "CDVViewController+SplashScreen.m"; path = "cordova-plugin-splashscreen/CDVViewController+SplashScreen.m"; sourceTree = "<group>"; fileEncoding = 4; lastKnownFileType = sourcecode.c.objc; explicitFileType = undefined; includeInIndex = 0; };
		2D07DFEE57904BAABD516B58 /* CDVSplashScreen.h */ = {isa = PBXFileReference; name = "CDVSplashScreen.h"; path = "cordova-plugin-splashscreen/CDVSplashScreen.h"; sourceTree = "<group>"; fileEncoding = 4; lastKnownFileType = sourcecode.c.h; explicitFileType = undefined; includeInIndex = 0; };
		91E2B70468B544378D40D018 /* CDVViewController+SplashScreen.h */ = {isa = PBXFileReference; name = "CDVViewController+SplashScreen.h"; path = "cordova-plugin-splashscreen/CDVViewController+SplashScreen.h"; sourceTree = "<group>"; fileEncoding = 4; lastKnownFileType = sourcecode.c.h; explicitFileType = undefined; includeInIndex = 0; };
		5926C708EC8F47F49C6B3C01 /* CDVStatusBar.m */ = {isa = PBXFileReference; name = "CDVStatusBar.m"; path = "cordova-plugin-statusbar/CDVStatusBar.m"; sourceTree = "<group>"; fileEncoding = 4; lastKnownFileType = sourcecode.c.objc; explicitFileType = undefined; includeInIndex = 0; };
		D9CC14A4F8F84C6D91DF151D /* CDVStatusBar.h */ = {isa = PBXFileReference; name = "CDVStatusBar.h"; path = "cordova-plugin-statusbar/CDVStatusBar.h"; sourceTree = "<group>"; fileEncoding = 4; lastKnownFileType = sourcecode.c.h; explicitFileType = undefined; includeInIndex = 0; };
		B7377BEA75C041F185AB84A3 /* APPBadge.m */ = {isa = PBXFileReference; name = "APPBadge.m"; path = "cordova-plugin-badge/APPBadge.m"; sourceTree = "<group>"; fileEncoding = 4; lastKnownFileType = sourcecode.c.objc; explicitFileType = undefined; includeInIndex = 0; };
		033EB789B4AB48FFAA975E6F /* APPBadge.h */ = {isa = PBXFileReference; name = "APPBadge.h"; path = "cordova-plugin-badge/APPBadge.h"; sourceTree = "<group>"; fileEncoding = 4; lastKnownFileType = sourcecode.c.h; explicitFileType = undefined; includeInIndex = 0; };
		18D94A815367424FB7164037 /* APPLocalNotification.m */ = {isa = PBXFileReference; name = "APPLocalNotification.m"; path = "cordova-plugin-local-notification/APPLocalNotification.m"; sourceTree = "<group>"; fileEncoding = 4; lastKnownFileType = sourcecode.c.objc; explicitFileType = undefined; includeInIndex = 0; };
		1CBB7DA5417E4BBEB62C082C /* APPNotificationContent.m */ = {isa = PBXFileReference; name = "APPNotificationContent.m"; path = "cordova-plugin-local-notification/APPNotificationContent.m"; sourceTree = "<group>"; fileEncoding = 4; lastKnownFileType = sourcecode.c.objc; explicitFileType = undefined; includeInIndex = 0; };
		1701B7B5E2A74915B21DFF34 /* APPNotificationOptions.m */ = {isa = PBXFileReference; name = "APPNotificationOptions.m"; path = "cordova-plugin-local-notification/APPNotificationOptions.m"; sourceTree = "<group>"; fileEncoding = 4; lastKnownFileType = sourcecode.c.objc; explicitFileType = undefined; includeInIndex = 0; };
		6907C8595CE743A1AA994CE7 /* UNUserNotificationCenter+APPLocalNotification.m */ = {isa = PBXFileReference; name = "UNUserNotificationCenter+APPLocalNotification.m"; path = "cordova-plugin-local-notification/UNUserNotificationCenter+APPLocalNotification.m"; sourceTree = "<group>"; fileEncoding = 4; lastKnownFileType = sourcecode.c.objc; explicitFileType = undefined; includeInIndex = 0; };
		48EDEC3612B644958B76AA9C /* UNNotificationRequest+APPLocalNotification.m */ = {isa = PBXFileReference; name = "UNNotificationRequest+APPLocalNotification.m"; path = "cordova-plugin-local-notification/UNNotificationRequest+APPLocalNotification.m"; sourceTree = "<group>"; fileEncoding = 4; lastKnownFileType = sourcecode.c.objc; explicitFileType = undefined; includeInIndex = 0; };
		3CA3BF6284AE40A9A7D7057C /* APPLocalNotification.h */ = {isa = PBXFileReference; name = "APPLocalNotification.h"; path = "cordova-plugin-local-notification/APPLocalNotification.h"; sourceTree = "<group>"; fileEncoding = 4; lastKnownFileType = sourcecode.c.h; explicitFileType = undefined; includeInIndex = 0; };
		CB9EE0038EC8474DA9C8D523 /* APPNotificationContent.h */ = {isa = PBXFileReference; name = "APPNotificationContent.h"; path = "cordova-plugin-local-notification/APPNotificationContent.h"; sourceTree = "<group>"; fileEncoding = 4; lastKnownFileType = sourcecode.c.h; explicitFileType = undefined; includeInIndex = 0; };
		8EDA672D3FC2462881728589 /* APPNotificationOptions.h */ = {isa = PBXFileReference; name = "APPNotificationOptions.h"; path = "cordova-plugin-local-notification/APPNotificationOptions.h"; sourceTree = "<group>"; fileEncoding = 4; lastKnownFileType = sourcecode.c.h; explicitFileType = undefined; includeInIndex = 0; };
		C39B1952FAFA46F9B950DFA4 /* UNUserNotificationCenter+APPLocalNotification.h */ = {isa = PBXFileReference; name = "UNUserNotificationCenter+APPLocalNotification.h"; path = "cordova-plugin-local-notification/UNUserNotificationCenter+APPLocalNotification.h"; sourceTree = "<group>"; fileEncoding = 4; lastKnownFileType = sourcecode.c.h; explicitFileType = undefined; includeInIndex = 0; };
		BA3F5DD5ECDD4F30BCECD136 /* UNNotificationRequest+APPLocalNotification.h */ = {isa = PBXFileReference; name = "UNNotificationRequest+APPLocalNotification.h"; path = "cordova-plugin-local-notification/UNNotificationRequest+APPLocalNotification.h"; sourceTree = "<group>"; fileEncoding = 4; lastKnownFileType = sourcecode.c.h; explicitFileType = undefined; includeInIndex = 0; };
		AFFE5BF8773848069505214F /* UserNotifications.framework */ = {isa = PBXFileReference; name = "UserNotifications.framework"; path = "System/Library/Frameworks/UserNotifications.framework"; sourceTree = SDKROOT; fileEncoding = undefined; lastKnownFileType = wrapper.framework; explicitFileType = undefined; includeInIndex = 0; };
		943BDEDE514B45FE9815A8DE /* CoreLocation.framework */ = {isa = PBXFileReference; name = "CoreLocation.framework"; path = "System/Library/Frameworks/CoreLocation.framework"; sourceTree = SDKROOT; fileEncoding = undefined; lastKnownFileType = wrapper.framework; explicitFileType = undefined; includeInIndex = 0; };
		96CEDAC4154140D78674CE62 /* OneSignalPush.m */ = {isa = PBXFileReference; name = "OneSignalPush.m"; path = "onesignal-cordova-plugin/OneSignalPush.m"; sourceTree = "<group>"; fileEncoding = 4; lastKnownFileType = sourcecode.c.objc; explicitFileType = undefined; includeInIndex = 0; };
		2C4B2E6EC4634DEC9BE28660 /* OneSignalPush.h */ = {isa = PBXFileReference; name = "OneSignalPush.h"; path = "onesignal-cordova-plugin/OneSignalPush.h"; sourceTree = "<group>"; fileEncoding = 4; lastKnownFileType = sourcecode.c.h; explicitFileType = undefined; includeInIndex = 0; };
/* End PBXFileReference section */

/* Begin PBXFrameworksBuildPhase section */
		1D60588F0D05DD3D006BFB54 /* Frameworks */ = {
			isa = PBXFrameworksBuildPhase;
			buildActionMask = 2147483647;
			files = (
				301BF552109A68D80062928A /* libCordova.a in Frameworks */,
				DE1D608037FC43F398EF5A3D /* libz.tbd in Frameworks */,
				1431F50E0A2F45FC88542C6D /* GoogleAppUtilities.framework in Frameworks */,
				D02A5A57AADA4B3DA387015D /* GoogleAuthUtilities.framework in Frameworks */,
				CCDD3C4DE0E047E1A5BB93EC /* GoogleNetworkingUtilities.framework in Frameworks */,
				4EA6CE8DE78D4305B59D26A0 /* GoogleSignIn.framework in Frameworks */,
				11AA972781BA4FD38046FD2F /* GoogleSymbolUtilities.framework in Frameworks */,
				E70EB6160633469A8FFCF195 /* GoogleUtilities.framework in Frameworks */,
				C97A9F6DE7AB497D826028AA /* AddressBook.framework in Frameworks */,
				422300BCFE7843DAA2A287CC /* CoreText.framework in Frameworks */,
				B3A909C86D8D4141AFA0B977 /* SafariServices.framework in Frameworks */,
				96274FB1855E4522B3763ED5 /* Security.framework in Frameworks */,
				AAA98404933840D88E2E320C /* SystemConfiguration.framework in Frameworks */,
				E73CCE08F75F4ABEA13132BB /* libz.dylib in Frameworks */,
				8AA93795BC7143DBBA3F2392 /* WebKit.framework in Frameworks */,
				BA18EBC690674BC3842D4D88 /* UserNotifications.framework in Frameworks */,
				165F17C39EA740C1B672E65A /* CoreLocation.framework in Frameworks */,
			);
			runOnlyForDeploymentPostprocessing = 0;
		};
/* End PBXFrameworksBuildPhase section */

/* Begin PBXGroup section */
		080E96DDFE201D6D7F000001 /* Classes */ = {
			isa = PBXGroup;
			children = (
				302D95EE14D2391D003F00A1 /* MainViewController.h */,
				302D95EF14D2391D003F00A1 /* MainViewController.m */,
				302D95F014D2391D003F00A1 /* MainViewController.xib */,
				1D3623240D0F684500981E51 /* AppDelegate.h */,
				1D3623250D0F684500981E51 /* AppDelegate.m */,
			);
			name = Classes;
			path = "Recuerdame/Classes";
			sourceTree = SOURCE_ROOT;
		};
		19C28FACFE9D520D11CA2CBB /* Products */ = {
			isa = PBXGroup;
			children = (
				1D6058910D05DD3D006BFB54 /* Recuerdame.app */,
			);
			name = Products;
			sourceTree = "<group>";
		};
		29B97314FDCFA39411CA2CEA /* CustomTemplate */ = {
			isa = PBXGroup;
			children = (
				EB87FDF41871DAF40020F90C /* config.xml */,
				EB87FDF31871DA8E0020F90C /* www */,
				EB87FDF11871DA420020F90C /* Staging */,
				301BF52D109A57CC0062928A /* CordovaLib.xcodeproj */,
				080E96DDFE201D6D7F000001 /* Classes */,
				307C750510C5A3420062BCA9 /* Plugins */,
				29B97315FDCFA39411CA2CEA /* Other Sources */,
				29B97317FDCFA39411CA2CEA /* Resources */,
				29B97323FDCFA39411CA2CEA /* Frameworks */,
				19C28FACFE9D520D11CA2CBB /* Products */,
			);
			name = CustomTemplate;
			sourceTree = "<group>";
		};
		29B97315FDCFA39411CA2CEA /* Other Sources */ = {
			isa = PBXGroup;
			children = (
				32CA4F630368D1EE00C91783 /* Recuerdame-Prefix.pch */,
				29B97316FDCFA39411CA2CEA /* main.m */,
				ED33DF2A687741AEAF9F8254 /* Bridging-Header.h */,
			);
			name = "Other Sources";
			path = "Recuerdame";
			sourceTree = "<group>";
		};
		29B97317FDCFA39411CA2CEA /* Resources */ = {
			isa = PBXGroup;
			children = (
				0207DA571B56EA530066E2B4 /* Images.xcassets */,
				3047A50E1AB8057F00498E2A /* config */,
				8D1107310486CEB800E47090 /* Recuerdame-Info.plist */,
				6AFF5BF81D6E424B00AB3073 /* CDVLaunchScreen.storyboard */,
			);
			name = Resources;
			path = "Recuerdame/Resources";
			sourceTree = "<group>";
		};
		29B97323FDCFA39411CA2CEA /* Frameworks */ = {
			isa = PBXGroup;
			children = (
				AAD235CE7B3F4AC6A146419D /* libz.tbd */,
				9B63E24634AB458A9818F0FD /* GoogleAppUtilities.framework */,
				6CA8018249004C4C8923364C /* GoogleAuthUtilities.framework */,
				92362E66B53A48E5A802D199 /* GoogleNetworkingUtilities.framework */,
				D04935D64E3646B49752B20C /* GoogleSignIn.framework */,
				3A9FA873BFDD4267B714C2F6 /* GoogleSymbolUtilities.framework */,
				81E843E95A48405CBF97B3B0 /* GoogleUtilities.framework */,
				94C6A7B382104BF392B85053 /* AddressBook.framework */,
				92F7C565998148DABC8D5714 /* CoreText.framework */,
				5C6EA17B85994E568510DE7A /* SafariServices.framework */,
				D2FC2E521BAE49348CF76BA5 /* Security.framework */,
				C1DDF407F3D844C6B8DF744F /* SystemConfiguration.framework */,
				E12241410CFB47F1989BA710 /* libz.dylib */,
				179CCB35853647599AF2852D /* WebKit.framework */,
				AFFE5BF8773848069505214F /* UserNotifications.framework */,
				943BDEDE514B45FE9815A8DE /* CoreLocation.framework */,
			);
			name = Frameworks;
			sourceTree = "<group>";
		};
		301BF52E109A57CC0062928A /* Products */ = {
			isa = PBXGroup;
			children = (
				301BF535109A57CC0062928A /* libCordova.a */,
			);
			name = Products;
			sourceTree = "<group>";
		};
		3047A50E1AB8057F00498E2A /* config */ = {
			isa = PBXGroup;
			children = (
				3047A50F1AB8059700498E2A /* build-debug.xcconfig */,
				3047A5101AB8059700498E2A /* build-release.xcconfig */,
				3047A5111AB8059700498E2A /* build.xcconfig */,
			);
			name = config;
			sourceTree = "<group>";
		};
		307C750510C5A3420062BCA9 /* Plugins */ = {
			isa = PBXGroup;
			children = (
				3CCDDAA4FCB446AB89FE063D /* CDVDevice.m */,
				BEEFEC9ECB6742F78BC0FCC2 /* CDVDevice.h */,
				21DCF888F4274B1CB81EB83C /* GooglePlus.m */,
				2C44EBA3A657417889B470F3 /* GooglePlus.h */,
				BB185FE9BCC64F489D2EF9DA /* CDVInAppBrowser.m */,
				5E003FC86D5A4AE5B3EB4CF5 /* CDVInAppBrowser.h */,
				B9A5C28C370B4754BA641C2A /* CDVIonicKeyboard.m */,
				735B853CD12644B0995FF038 /* CDVIonicKeyboard.h */,
				E5884BA772F145C0BF7C7895 /* CDVWKWebViewEngine.m */,
				A5D06CC8B31543E78A9BE199 /* CDVWKWebViewUIDelegate.m */,
				671A75D3E57E489EA552CC70 /* CDVWKProcessPoolFactory.m */,
				799706F46C7A4AD5A58B0F17 /* GCDWebServer.m */,
				61419E7CFE9B43E4B5DDA89C /* GCDWebServerConnection.m */,
				E8CED7300E6E43D58D0AC967 /* GCDWebServerFunctions.m */,
				E63363EC96A4478687A6356B /* GCDWebServerRequest.m */,
				CC5EDE8632DC4A6AA9DB17DB /* GCDWebServerResponse.m */,
				5FD185502C2E476682CAFD73 /* GCDWebServerDataRequest.m */,
				5FF76A3D495B48A6B45538EB /* GCDWebServerFileRequest.m */,
				19B7D283A347489182CD9C50 /* GCDWebServerMultiPartFormRequest.m */,
				08244E20D38448A597F72225 /* GCDWebServerURLEncodedFormRequest.m */,
				A6529588687244AA82EE69DA /* GCDWebServerDataResponse.m */,
				7653DBC3DD7144828BB041D2 /* GCDWebServerErrorResponse.m */,
				FD7FB693AEEA41739CC973DF /* GCDWebServerFileResponse.m */,
				33329BE1669B4F48ACA6268E /* GCDWebServerStreamedResponse.m */,
				275AD69B02D2424A8B103BB8 /* CDVWKWebViewEngine.h */,
				E5EABBF20C85451EB5EB0139 /* CDVWKWebViewUIDelegate.h */,
				0CC9EAC3096241CF9E9BECB8 /* CDVWKProcessPoolFactory.h */,
				67375A8A2FE94FEB96232282 /* GCDWebServer.h */,
				EE534CBC741749F7B0AEEAC5 /* GCDWebServerConnection.h */,
				BF15D17F12924D8B9EE0F60C /* GCDWebServerFunctions.h */,
				6B49203460AD4ADBAC856B94 /* GCDWebServerHTTPStatusCodes.h */,
				834DBE469CA442B9A346C5F7 /* GCDWebServerPrivate.h */,
				83E9562807944D9BAD9A25CD /* GCDWebServerRequest.h */,
				432D34A13BB84EC59644D1CA /* GCDWebServerResponse.h */,
				C5EE2EF4286A4A518BA990CE /* GCDWebServerDataRequest.h */,
				39ED75B0342742939E016469 /* GCDWebServerFileRequest.h */,
				445CF7024E38479FA5C8761C /* GCDWebServerMultiPartFormRequest.h */,
				C4D58081A78C419293E3706B /* GCDWebServerURLEncodedFormRequest.h */,
				8F2810C97124460995FA640E /* GCDWebServerDataResponse.h */,
				7EA12222ED52484EACB05ABF /* GCDWebServerErrorResponse.h */,
				816D013ECD194D63A9EE701E /* GCDWebServerFileResponse.h */,
				6361739959BD4751AD9702B0 /* GCDWebServerStreamedResponse.h */,
				08C08782BE894A59AC930079 /* CDVSplashScreen.m */,
				5368B413969B46C78035D856 /* CDVViewController+SplashScreen.m */,
				2D07DFEE57904BAABD516B58 /* CDVSplashScreen.h */,
				91E2B70468B544378D40D018 /* CDVViewController+SplashScreen.h */,
				5926C708EC8F47F49C6B3C01 /* CDVStatusBar.m */,
				D9CC14A4F8F84C6D91DF151D /* CDVStatusBar.h */,
				B7377BEA75C041F185AB84A3 /* APPBadge.m */,
				033EB789B4AB48FFAA975E6F /* APPBadge.h */,
				18D94A815367424FB7164037 /* APPLocalNotification.m */,
				1CBB7DA5417E4BBEB62C082C /* APPNotificationContent.m */,
				1701B7B5E2A74915B21DFF34 /* APPNotificationOptions.m */,
				6907C8595CE743A1AA994CE7 /* UNUserNotificationCenter+APPLocalNotification.m */,
				48EDEC3612B644958B76AA9C /* UNNotificationRequest+APPLocalNotification.m */,
				3CA3BF6284AE40A9A7D7057C /* APPLocalNotification.h */,
				CB9EE0038EC8474DA9C8D523 /* APPNotificationContent.h */,
				8EDA672D3FC2462881728589 /* APPNotificationOptions.h */,
				C39B1952FAFA46F9B950DFA4 /* UNUserNotificationCenter+APPLocalNotification.h */,
				BA3F5DD5ECDD4F30BCECD136 /* UNNotificationRequest+APPLocalNotification.h */,
				96CEDAC4154140D78674CE62 /* OneSignalPush.m */,
				2C4B2E6EC4634DEC9BE28660 /* OneSignalPush.h */,
			);
			name = Plugins;
			path = "Recuerdame/Plugins";
			sourceTree = SOURCE_ROOT;
		};
		EB87FDF11871DA420020F90C /* Staging */ = {
			isa = PBXGroup;
			children = (
				F840E1F0165FE0F500CFE078 /* config.xml */,
				301BF56E109A69640062928A /* www */,
			);
			name = Staging;
			sourceTree = "<group>";
		};
/* End PBXGroup section */

/* Begin PBXNativeTarget section */
		1D6058900D05DD3D006BFB54 /* Recuerdame */ = {
			isa = PBXNativeTarget;
			buildConfigurationList = 1D6058960D05DD3E006BFB54 /* Build configuration list for PBXNativeTarget "Recuerdame" */;
			buildPhases = (
				304B58A110DAC018002A0835 /* Copy www directory */,
				1D60588D0D05DD3D006BFB54 /* Resources */,
				1D60588E0D05DD3D006BFB54 /* Sources */,
				1D60588F0D05DD3D006BFB54 /* Frameworks */,
			);
			buildRules = (
			);
			dependencies = (
				301BF551109A68C00062928A /* PBXTargetDependency */,
			);
			name = "Recuerdame";
			productName = "Recuerdame";
			productReference = 1D6058910D05DD3D006BFB54 /* Recuerdame.app */;
			productType = "com.apple.product-type.application";
		};
/* End PBXNativeTarget section */

/* Begin PBXProject section */
		29B97313FDCFA39411CA2CEA /* Project object */ = {
			isa = PBXProject;
			attributes = {
				LastUpgradeCheck = 510;
			};
			buildConfigurationList = C01FCF4E08A954540054247B /* Build configuration list for PBXProject "__NON-CLI__" */;
			compatibilityVersion = "Xcode 3.2";
			developmentRegion = English;
			hasScannedForEncodings = 1;
			mainGroup = 29B97314FDCFA39411CA2CEA /* CustomTemplate */;
			projectDirPath = "";
			projectReferences = (
				{
					ProductGroup = 301BF52E109A57CC0062928A /* Products */;
					ProjectRef = 301BF52D109A57CC0062928A /* CordovaLib.xcodeproj */;
				},
			);
			projectRoot = "";
			targets = (
				1D6058900D05DD3D006BFB54 /* Recuerdame */,
			);
		};
/* End PBXProject section */

/* Begin PBXReferenceProxy section */
		301BF535109A57CC0062928A /* libCordova.a */ = {
			isa = PBXReferenceProxy;
			fileType = archive.ar;
			path = libCordova.a;
			remoteRef = 301BF534109A57CC0062928A /* PBXContainerItemProxy */;
			sourceTree = BUILT_PRODUCTS_DIR;
		};
/* End PBXReferenceProxy section */

/* Begin PBXResourcesBuildPhase section */
		1D60588D0D05DD3D006BFB54 /* Resources */ = {
			isa = PBXResourcesBuildPhase;
			buildActionMask = 2147483647;
			files = (
				302D95F214D2391D003F00A1 /* MainViewController.xib in Resources */,
				0207DA581B56EA530066E2B4 /* Images.xcassets in Resources */,
				6AFF5BF91D6E424B00AB3073 /* CDVLaunchScreen.storyboard in Resources */,
			);
			runOnlyForDeploymentPostprocessing = 0;
		};
/* End PBXResourcesBuildPhase section */

/* Begin PBXShellScriptBuildPhase section */
		304B58A110DAC018002A0835 /* Copy www directory */ = {
			isa = PBXShellScriptBuildPhase;
			buildActionMask = 2147483647;
			files = (
			);
			inputPaths = (
			);
			name = "Copy www directory";
			outputPaths = (
			);
			runOnlyForDeploymentPostprocessing = 0;
			shellPath = /bin/sh;
			shellScript = "NODEJS_PATH=/usr/local/bin; NVM_NODE_PATH=~/.nvm/versions/node/`nvm version 2>/dev/null`/bin; N_NODE_PATH=`find /usr/local/n/versions/node/* -maxdepth 0 -type d 2>/dev/null | tail -1`/bin; XCODE_NODE_PATH=`xcode-select --print-path`/usr/share/xcs/Node/bin; PATH=$NODEJS_PATH:$NVM_NODE_PATH:$N_NODE_PATH:$XCODE_NODE_PATH:$PATH && node cordova/lib/copy-www-build-step.js";
			showEnvVarsInLog = 0;
		};
/* End PBXShellScriptBuildPhase section */

/* Begin PBXSourcesBuildPhase section */
		1D60588E0D05DD3D006BFB54 /* Sources */ = {
			isa = PBXSourcesBuildPhase;
			buildActionMask = 2147483647;
			files = (
				1D60589B0D05DD56006BFB54 /* main.m in Sources */,
				1D3623260D0F684500981E51 /* AppDelegate.m in Sources */,
				302D95F114D2391D003F00A1 /* MainViewController.m in Sources */,
				FC1B9819AE764454B658A81B /* CDVDevice.m in Sources */,
				460A9C01A803484A8933F8B6 /* GooglePlus.m in Sources */,
				44BF25DED8614F9085DF3C72 /* CDVInAppBrowser.m in Sources */,
				196FC567708C4B5FB1FB4715 /* CDVIonicKeyboard.m in Sources */,
				8C06D559CB0849ABA7DB7299 /* CDVWKWebViewEngine.m in Sources */,
				43A9CEA432454ED5AA09E56A /* CDVWKWebViewUIDelegate.m in Sources */,
				98248F93CCF5480FB24983F8 /* CDVWKProcessPoolFactory.m in Sources */,
				B34664223C57464B94E621B9 /* GCDWebServer.m in Sources */,
				F249A0ED7AA2451AAC22B2AE /* GCDWebServerConnection.m in Sources */,
				4F11487DEDBA46DDBF3EFDE3 /* GCDWebServerFunctions.m in Sources */,
				379587FD2EE04ECA87240EB7 /* GCDWebServerRequest.m in Sources */,
				104195A7494A4E4F99985FDF /* GCDWebServerResponse.m in Sources */,
				5AA4DC9495084257A0B8976B /* GCDWebServerDataRequest.m in Sources */,
				939B445754EC4E409E745636 /* GCDWebServerFileRequest.m in Sources */,
				C0CE900A739F4F2A9D37645C /* GCDWebServerMultiPartFormRequest.m in Sources */,
				9303B4216EB34E858576E11F /* GCDWebServerURLEncodedFormRequest.m in Sources */,
				D07E27093A1545B0867C454F /* GCDWebServerDataResponse.m in Sources */,
				47F3EA00A6D847409A2E5963 /* GCDWebServerErrorResponse.m in Sources */,
				FA243CE1ECCC460C84B314E2 /* GCDWebServerFileResponse.m in Sources */,
				A3F35075F6974FDEB7ED08AA /* GCDWebServerStreamedResponse.m in Sources */,
				16A133B484094D419FF89C6B /* CDVSplashScreen.m in Sources */,
				C1B4B75BE6C54EAB97EB3A14 /* CDVViewController+SplashScreen.m in Sources */,
				9DAF0A621A0D4687B31C2EDC /* CDVStatusBar.m in Sources */,
				9B4BA4DAE2CB409886105F94 /* APPBadge.m in Sources */,
				6D54FF89C5E440969A96C3B5 /* APPLocalNotification.m in Sources */,
				5422A04FA358496DA50FAAA8 /* APPNotificationContent.m in Sources */,
				92541047AA494ED48484AB22 /* APPNotificationOptions.m in Sources */,
				5C2E5A36AF864468923C7D22 /* UNUserNotificationCenter+APPLocalNotification.m in Sources */,
				4862B34440934C629A791538 /* UNNotificationRequest+APPLocalNotification.m in Sources */,
				80895DDB32AC47E48EF9F1F5 /* OneSignalPush.m in Sources */,
			);
			runOnlyForDeploymentPostprocessing = 0;
		};
/* End PBXSourcesBuildPhase section */

/* Begin PBXTargetDependency section */
		301BF551109A68C00062928A /* PBXTargetDependency */ = {
			isa = PBXTargetDependency;
			name = CordovaLib;
			targetProxy = 301BF550109A68C00062928A /* PBXContainerItemProxy */;
		};
/* End PBXTargetDependency section */

/* Begin XCBuildConfiguration section */
		1D6058940D05DD3E006BFB54 /* Debug */ = {
			isa = XCBuildConfiguration;
			baseConfigurationReference = 3047A50F1AB8059700498E2A /* build-debug.xcconfig */;
			buildSettings = {
				ALWAYS_SEARCH_USER_PATHS = NO;
				ASSETCATALOG_COMPILER_APPICON_NAME = AppIcon;
				ASSETCATALOG_COMPILER_LAUNCHIMAGE_NAME = LaunchImage;
				CLANG_ENABLE_MODULES = YES;
				CLANG_ENABLE_OBJC_ARC = YES;
				COPY_PHASE_STRIP = NO;
				GCC_DYNAMIC_NO_PIC = NO;
				GCC_OPTIMIZATION_LEVEL = 0;
				GCC_PRECOMPILE_PREFIX_HEADER = YES;
				GCC_PREFIX_HEADER = "Recuerdame/Recuerdame-Prefix.pch";
				GCC_THUMB_SUPPORT = NO;
				GCC_VERSION = "";
				INFOPLIST_FILE = "Recuerdame/Recuerdame-Info.plist";
				IPHONEOS_DEPLOYMENT_TARGET = 9.0;
				LD_RUNPATH_SEARCH_PATHS = "@executable_path/Frameworks";
				TARGETED_DEVICE_FAMILY = "1,2";
				PRODUCT_NAME = "Recuerdame";
				FRAMEWORK_SEARCH_PATHS = (
					"$(inherited)",
					"\"Recuerdame/Plugins/cordova-plugin-googleplus\"",
					"\"Recuerdame/Plugins/cordova-plugin-googleplus\"",
					"\"Recuerdame/Plugins/cordova-plugin-googleplus\"",
					"\"Recuerdame/Plugins/cordova-plugin-googleplus\"",
					"\"Recuerdame/Plugins/cordova-plugin-googleplus\"",
					"\"Recuerdame/Plugins/cordova-plugin-googleplus\"",
				);
			};
			name = Debug;
		};
		1D6058950D05DD3E006BFB54 /* Release */ = {
			isa = XCBuildConfiguration;
			baseConfigurationReference = 3047A5101AB8059700498E2A /* build-release.xcconfig */;
			buildSettings = {
				ALWAYS_SEARCH_USER_PATHS = NO;
				ASSETCATALOG_COMPILER_APPICON_NAME = AppIcon;
				ASSETCATALOG_COMPILER_LAUNCHIMAGE_NAME = LaunchImage;
				CLANG_ENABLE_MODULES = YES;
				CLANG_ENABLE_OBJC_ARC = YES;
				COPY_PHASE_STRIP = YES;
				GCC_PRECOMPILE_PREFIX_HEADER = YES;
				GCC_PREFIX_HEADER = "Recuerdame/Recuerdame-Prefix.pch";
				GCC_THUMB_SUPPORT = NO;
				GCC_VERSION = "";
				INFOPLIST_FILE = "Recuerdame/Recuerdame-Info.plist";
				IPHONEOS_DEPLOYMENT_TARGET = 9.0;
				LD_RUNPATH_SEARCH_PATHS = "@executable_path/Frameworks";
				TARGETED_DEVICE_FAMILY = "1,2";
				PRODUCT_NAME = "Recuerdame";
				FRAMEWORK_SEARCH_PATHS = (
					"$(inherited)",
					"\"Recuerdame/Plugins/cordova-plugin-googleplus\"",
					"\"Recuerdame/Plugins/cordova-plugin-googleplus\"",
					"\"Recuerdame/Plugins/cordova-plugin-googleplus\"",
					"\"Recuerdame/Plugins/cordova-plugin-googleplus\"",
					"\"Recuerdame/Plugins/cordova-plugin-googleplus\"",
					"\"Recuerdame/Plugins/cordova-plugin-googleplus\"",
				);
			};
			name = Release;
		};
		C01FCF4F08A954540054247B /* Debug */ = {
			isa = XCBuildConfiguration;
			baseConfigurationReference = 3047A5111AB8059700498E2A /* build.xcconfig */;
			buildSettings = {
				CLANG_ENABLE_MODULES = YES;
				CLANG_ENABLE_OBJC_ARC = YES;
				CLANG_WARN_BOOL_CONVERSION = YES;
				CLANG_WARN_CONSTANT_CONVERSION = YES;
				CLANG_WARN_EMPTY_BODY = YES;
				CLANG_WARN_ENUM_CONVERSION = YES;
				CLANG_WARN_INT_CONVERSION = YES;
				CLANG_WARN__DUPLICATE_METHOD_MATCH = YES;
				GCC_C_LANGUAGE_STANDARD = c99;
				GCC_THUMB_SUPPORT = NO;
				GCC_VERSION = "";
				GCC_WARN_ABOUT_RETURN_TYPE = YES;
				GCC_WARN_UNDECLARED_SELECTOR = YES;
				GCC_WARN_UNINITIALIZED_AUTOS = YES;
				GCC_WARN_UNUSED_FUNCTION = YES;
				GCC_WARN_UNUSED_VARIABLE = YES;
				ONLY_ACTIVE_ARCH = YES;
				SDKROOT = iphoneos;
				SKIP_INSTALL = NO;
			};
			name = Debug;
		};
		C01FCF5008A954540054247B /* Release */ = {
			isa = XCBuildConfiguration;
			baseConfigurationReference = 3047A5111AB8059700498E2A /* build.xcconfig */;
			buildSettings = {
				CLANG_ENABLE_MODULES = YES;
				CLANG_ENABLE_OBJC_ARC = YES;
				CLANG_WARN_BOOL_CONVERSION = YES;
				CLANG_WARN_CONSTANT_CONVERSION = YES;
				CLANG_WARN_EMPTY_BODY = YES;
				CLANG_WARN_ENUM_CONVERSION = YES;
				CLANG_WARN_INT_CONVERSION = YES;
				CLANG_WARN__DUPLICATE_METHOD_MATCH = YES;
				GCC_C_LANGUAGE_STANDARD = c99;
				GCC_THUMB_SUPPORT = NO;
				GCC_VERSION = "";
				GCC_WARN_ABOUT_RETURN_TYPE = YES;
				GCC_WARN_UNDECLARED_SELECTOR = YES;
				GCC_WARN_UNINITIALIZED_AUTOS = YES;
				GCC_WARN_UNUSED_FUNCTION = YES;
				GCC_WARN_UNUSED_VARIABLE = YES;
				SDKROOT = iphoneos;
				SKIP_INSTALL = NO;
			};
			name = Release;
		};
/* End XCBuildConfiguration section */

/* Begin XCConfigurationList section */
		1D6058960D05DD3E006BFB54 /* Build configuration list for PBXNativeTarget "Recuerdame" */ = {
			isa = XCConfigurationList;
			buildConfigurations = (
				1D6058940D05DD3E006BFB54 /* Debug */,
				1D6058950D05DD3E006BFB54 /* Release */,
			);
			defaultConfigurationIsVisible = 0;
			defaultConfigurationName = Release;
		};
		C01FCF4E08A954540054247B /* Build configuration list for PBXProject "__NON-CLI__" */ = {
			isa = XCConfigurationList;
			buildConfigurations = (
				C01FCF4F08A954540054247B /* Debug */,
				C01FCF5008A954540054247B /* Release */,
			);
			defaultConfigurationIsVisible = 0;
			defaultConfigurationName = Release;
		};
/* End XCConfigurationList section */
	};
	rootObject = 29B97313FDCFA39411CA2CEA /* Project object */;
}
